// !$*UTF8*$!
{
	archiveVersion = 1;
	classes = {
	};
	objectVersion = 46;
	objects = {

/* Begin PBXBuildFile section */
		CD71B8CE1DF0A3E600F409B9 /* AppDelegate.swift in Sources */ = {isa = PBXBuildFile; fileRef = CD71B8CD1DF0A3E600F409B9 /* AppDelegate.swift */; };
		CD71B8D01DF0A3E600F409B9 /* ViewController.swift in Sources */ = {isa = PBXBuildFile; fileRef = CD71B8CF1DF0A3E600F409B9 /* ViewController.swift */; };
		CD71B8D31DF0A3E600F409B9 /* Main.storyboard in Resources */ = {isa = PBXBuildFile; fileRef = CD71B8D11DF0A3E600F409B9 /* Main.storyboard */; };
		CD71B8D51DF0A3E600F409B9 /* Assets.xcassets in Resources */ = {isa = PBXBuildFile; fileRef = CD71B8D41DF0A3E600F409B9 /* Assets.xcassets */; };
		CD71B8D81DF0A3E700F409B9 /* LaunchScreen.storyboard in Resources */ = {isa = PBXBuildFile; fileRef = CD71B8D61DF0A3E700F409B9 /* LaunchScreen.storyboard */; };
/* End PBXBuildFile section */

/* Begin PBXFileReference section */
		CD71B8CA1DF0A3E600F409B9 /* DictionaryForDatasource.app */ = {isa = PBXFileReference; explicitFileType = wrapper.application; includeInIndex = 0; path = DictionaryForDatasource.app; sourceTree = BUILT_PRODUCTS_DIR; };
		CD71B8CD1DF0A3E600F409B9 /* AppDelegate.swift */ = {isa = PBXFileReference; lastKnownFileType = sourcecode.swift; path = AppDelegate.swift; sourceTree = "<group>"; };
		CD71B8CF1DF0A3E600F409B9 /* ViewController.swift */ = {isa = PBXFileReference; lastKnownFileType = sourcecode.swift; path = ViewController.swift; sourceTree = "<group>"; };
		CD71B8D21DF0A3E600F409B9 /* Base */ = {isa = PBXFileReference; lastKnownFileType = file.storyboard; name = Base; path = Base.lproj/Main.storyboard; sourceTree = "<group>"; };
		CD71B8D41DF0A3E600F409B9 /* Assets.xcassets */ = {isa = PBXFileReference; lastKnownFileType = folder.assetcatalog; path = Assets.xcassets; sourceTree = "<group>"; };
		CD71B8D71DF0A3E700F409B9 /* Base */ = {isa = PBXFileReference; lastKnownFileType = file.storyboard; name = Base; path = Base.lproj/LaunchScreen.storyboard; sourceTree = "<group>"; };
		CD71B8D91DF0A3E700F409B9 /* Info.plist */ = {isa = PBXFileReference; lastKnownFileType = text.plist.xml; path = Info.plist; sourceTree = "<group>"; };
/* End PBXFileReference section */

/* Begin PBXFrameworksBuildPhase section */
		CD71B8C71DF0A3E600F409B9 /* Frameworks */ = {
			isa = PBXFrameworksBuildPhase;
			buildActionMask = 2147483647;
			files = (
			);
			runOnlyForDeploymentPostprocessing = 0;
		};
/* End PBXFrameworksBuildPhase section */

/* Begin PBXGroup section */
		CD71B8C11DF0A3E600F409B9 = {
			isa = PBXGroup;
			children = (
				CD71B8CC1DF0A3E600F409B9 /* DictionaryForDatasource */,
				CD71B8CB1DF0A3E600F409B9 /* Products */,
			);
			sourceTree = "<group>";
		};
		CD71B8CB1DF0A3E600F409B9 /* Products */ = {
			isa = PBXGroup;
			children = (
				CD71B8CA1DF0A3E600F409B9 /* DictionaryForDatasource.app */,
			);
			name = Products;
			sourceTree = "<group>";
		};
		CD71B8CC1DF0A3E600F409B9 /* DictionaryForDatasource */ = {
			isa = PBXGroup;
			children = (
				CD71B8CD1DF0A3E600F409B9 /* AppDelegate.swift */,
				CD71B8CF1DF0A3E600F409B9 /* ViewController.swift */,
				CD71B8D11DF0A3E600F409B9 /* Main.storyboard */,
				CD71B8D41DF0A3E600F409B9 /* Assets.xcassets */,
				CD71B8D61DF0A3E700F409B9 /* LaunchScreen.storyboard */,
				CD71B8D91DF0A3E700F409B9 /* Info.plist */,
			);
			path = DictionaryForDatasource;
			sourceTree = "<group>";
		};
/* End PBXGroup section */

/* Begin PBXNativeTarget section */
		CD71B8C91DF0A3E600F409B9 /* DictionaryForDatasource */ = {
			isa = PBXNativeTarget;
			buildConfigurationList = CD71B8DC1DF0A3E700F409B9 /* Build configuration list for PBXNativeTarget "DictionaryForDatasource" */;
			buildPhases = (
				CD71B8C61DF0A3E600F409B9 /* Sources */,
				CD71B8C71DF0A3E600F409B9 /* Frameworks */,
				CD71B8C81DF0A3E600F409B9 /* Resources */,
			);
			buildRules = (
			);
			dependencies = (
			);
			name = DictionaryForDatasource;
			productName = DictionaryForDatasource;
			productReference = CD71B8CA1DF0A3E600F409B9 /* DictionaryForDatasource.app */;
			productType = "com.apple.product-type.application";
		};
/* End PBXNativeTarget section */

/* Begin PBXProject section */
		CD71B8C21DF0A3E600F409B9 /* Project object */ = {
			isa = PBXProject;
			attributes = {
				LastSwiftUpdateCheck = 0810;
				LastUpgradeCheck = 0810;
				ORGANIZATIONNAME = "Andrew Belozerov";
				TargetAttributes = {
					CD71B8C91DF0A3E600F409B9 = {
						CreatedOnToolsVersion = 8.1;
						DevelopmentTeam = 676778BJEB;
						ProvisioningStyle = Automatic;
					};
				};
			};
			buildConfigurationList = CD71B8C51DF0A3E600F409B9 /* Build configuration list for PBXProject "DictionaryForDatasource" */;
			compatibilityVersion = "Xcode 3.2";
			developmentRegion = English;
			hasScannedForEncodings = 0;
			knownRegions = (
				en,
				Base,
			);
			mainGroup = CD71B8C11DF0A3E600F409B9;
			productRefGroup = CD71B8CB1DF0A3E600F409B9 /* Products */;
			projectDirPath = "";
			projectRoot = "";
			targets = (
				CD71B8C91DF0A3E600F409B9 /* DictionaryForDatasource */,
			);
		};
/* End PBXProject section */

/* Begin PBXResourcesBuildPhase section */
		CD71B8C81DF0A3E600F409B9 /* Resources */ = {
			isa = PBXResourcesBuildPhase;
			buildActionMask = 2147483647;
			files = (
				CD71B8D81DF0A3E700F409B9 /* LaunchScreen.storyboard in Resources */,
				CD71B8D51DF0A3E600F409B9 /* Assets.xcassets in Resources */,
				CD71B8D31DF0A3E600F409B9 /* Main.storyboard in Resources */,
			);
			runOnlyForDeploymentPostprocessing = 0;
		};
/* End PBXResourcesBuildPhase section */

/* Begin PBXSourcesBuildPhase section */
		CD71B8C61DF0A3E600F409B9 /* Sources */ = {
			isa = PBXSourcesBuildPhase;
			buildActionMask = 2147483647;
			files = (
				CD71B8D01DF0A3E600F409B9 /* ViewController.swift in Sources */,
				CD71B8CE1DF0A3E600F409B9 /* AppDelegate.swift in Sources */,
			);
			runOnlyForDeploymentPostprocessing = 0;
		};
/* End PBXSourcesBuildPhase section */

/* Begin PBXVariantGroup section */
		CD71B8D11DF0A3E600F409B9 /* Main.storyboard */ = {
			isa = PBXVariantGroup;
			children = (
				CD71B8D21DF0A3E600F409B9 /* Base */,
			);
			name = Main.storyboard;
			sourceTree = "<group>";
		};
		CD71B8D61DF0A3E700F409B9 /* LaunchScreen.storyboard */ = {
			isa = PBXVariantGroup;
			children = (
				CD71B8D71DF0A3E700F409B9 /* Base */,
			);
			name = LaunchScreen.storyboard;
			sourceTree = "<group>";
		};
/* End PBXVariantGroup section */

/* Begin XCBuildConfiguration section */
		CD71B8DA1DF0A3E700F409B9 /* Debug */ = {
			isa = XCBuildConfiguration;
			buildSettings = {
				ALWAYS_SEARCH_USER_PATHS = NO;
				CLANG_ANALYZER_NONNULL = YES;
				CLANG_CXX_LANGUAGE_STANDARD = "gnu++0x";
				CLANG_CXX_LIBRARY = "libc++";
				CLANG_ENABLE_MODULES = YES;
				CLANG_ENABLE_OBJC_ARC = YES;
				CLANG_WARN_BOOL_CONVERSION = YES;
				CLANG_WARN_CONSTANT_CONVERSION = YES;
				CLANG_WARN_DIRECT_OBJC_ISA_USAGE = YES_ERROR;
				CLANG_WARN_DOCUMENTATION_COMMENTS = YES;
				CLANG_WARN_EMPTY_BODY = YES;
				CLANG_WARN_ENUM_CONVERSION = YES;
				CLANG_WARN_INFINITE_RECURSION = YES;
				CLANG_WARN_INT_CONVERSION = YES;
				CLANG_WARN_OBJC_ROOT_CLASS = YES_ERROR;
				CLANG_WARN_SUSPICIOUS_MOVES = YES;
				CLANG_WARN_UNREACHABLE_CODE = YES;
				CLANG_WARN__DUPLICATE_METHOD_MATCH = YES;
				"CODE_SIGN_IDENTITY[sdk=iphoneos*]" = "iPhone Developer";
				COPY_PHASE_STRIP = NO;
				DEBUG_INFORMATION_FORMAT = dwarf;
				ENABLE_STRICT_OBJC_MSGSEND = YES;
				ENABLE_TESTABILITY = YES;
				GCC_C_LANGUAGE_STANDARD = gnu99;
				GCC_DYNAMIC_NO_PIC = NO;
				GCC_NO_COMMON_BLOCKS = YES;
				GCC_OPTIMIZATION_LEVEL = 0;
				GCC_PREPROCESSOR_DEFINITIONS = (
					"DEBUG=1",
					"$(inherited)",
				);
				GCC_WARN_64_TO_32_BIT_CONVERSION = YES;
				GCC_WARN_ABOUT_RETURN_TYPE = YES_ERROR;
				GCC_WARN_UNDECLARED_SELECTOR = YES;
				GCC_WARN_UNINITIALIZED_AUTOS = YES_AGGRESSIVE;
				GCC_WARN_UNUSED_FUNCTION = YES;
				GCC_WARN_UNUSED_VARIABLE = YES;
				IPHONEOS_DEPLOYMENT_TARGET = 10.1;
				MTL_ENABLE_DEBUG_INFO = YES;
				ONLY_ACTIVE_ARCH = YES;
				SDKROOT = iphoneos;
				SWIFT_ACTIVE_COMPILATION_CONDITIONS = DEBUG;
				SWIFT_OPTIMIZATION_LEVEL = "-Onone";
			};
			name = Debug;
		};
		CD71B8DB1DF0A3E700F409B9 /* Release */ = {
			isa = XCBuildConfiguration;
			buildSettings = {
				ALWAYS_SEARCH_USER_PATHS = NO;
				CLANG_ANALYZER_NONNULL = YES;
				CLANG_CXX_LANGUAGE_STANDARD = "gnu++0x";
				CLANG_CXX_LIBRARY = "libc++";
				CLANG_ENABLE_MODULES = YES;
				CLANG_ENABLE_OBJC_ARC = YES;
				CLANG_WARN_BOOL_CONVERSION = YES;
				CLANG_WARN_CONSTANT_CONVERSION = YES;
				CLANG_WARN_DIRECT_OBJC_ISA_USAGE = YES_ERROR;
				CLANG_WARN_DOCUMENTATION_COMMENTS = YES;
				CLANG_WARN_EMPTY_BODY = YES;
				CLANG_WARN_ENUM_CONVERSION = YES;
				CLANG_WARN_INFINITE_RECURSION = YES;
				CLANG_WARN_INT_CONVERSION = YES;
				CLANG_WARN_OBJC_ROOT_CLASS = YES_ERROR;
				CLANG_WARN_SUSPICIOUS_MOVES = YES;
				CLANG_WARN_UNREACHABLE_CODE = YES;
				CLANG_WARN__DUPLICATE_METHOD_MATCH = YES;
				"CODE_SIGN_IDENTITY[sdk=iphoneos*]" = "iPhone Developer";
				COPY_PHASE_STRIP = NO;
				DEBUG_INFORMATION_FORMAT = "dwarf-with-dsym";
				ENABLE_NS_ASSERTIONS = NO;
				ENABLE_STRICT_OBJC_MSGSEND = YES;
				GCC_C_LANGUAGE_STANDARD = gnu99;
				GCC_NO_COMMON_BLOCKS = YES;
				GCC_WARN_64_TO_32_BIT_CONVERSION = YES;
				GCC_WARN_ABOUT_RETURN_TYPE = YES_ERROR;
				GCC_WARN_UNDECLARED_SELECTOR = YES;
				GCC_WARN_UNINITIALIZED_AUTOS = YES_AGGRESSIVE;
				GCC_WARN_UNUSED_FUNCTION = YES;
				GCC_WARN_UNUSED_VARIABLE = YES;
				IPHONEOS_DEPLOYMENT_TARGET = 10.1;
				MTL_ENABLE_DEBUG_INFO = NO;
				SDKROOT = iphoneos;
				SWIFT_OPTIMIZATION_LEVEL = "-Owholemodule";
				VALIDATE_PRODUCT = YES;
			};
			name = Release;
		};
		CD71B8DD1DF0A3E700F409B9 /* Debug */ = {
			isa = XCBuildConfiguration;
			buildSettings = {
				ASSETCATALOG_COMPILER_APPICON_NAME = AppIcon;
				DEVELOPMENT_TEAM = 676778BJEB;
				INFOPLIST_FILE = DictionaryForDatasource/Info.plist;
				LD_RUNPATH_SEARCH_PATHS = "$(inherited) @executable_path/Frameworks";
				PRODUCT_BUNDLE_IDENTIFIER = ru.proSwift.DictionaryForDatasource;
				PRODUCT_NAME = "$(TARGET_NAME)";
				SWIFT_VERSION = 3.0;
			};
			name = Debug;
		};
		CD71B8DE1DF0A3E700F409B9 /* Release */ = {
			isa = XCBuildConfiguration;
			buildSettings = {
				ASSETCATALOG_COMPILER_APPICON_NAME = AppIcon;
				DEVELOPMENT_TEAM = 676778BJEB;
				INFOPLIST_FILE = DictionaryForDatasource/Info.plist;
				LD_RUNPATH_SEARCH_PATHS = "$(inherited) @executable_path/Frameworks";
				PRODUCT_BUNDLE_IDENTIFIER = ru.proSwift.DictionaryForDatasource;
				PRODUCT_NAME = "$(TARGET_NAME)";
				SWIFT_VERSION = 3.0;
			};
			name = Release;
		};
/* End XCBuildConfiguration section */

/* Begin XCConfigurationList section */
		CD71B8C51DF0A3E600F409B9 /* Build configuration list for PBXProject "DictionaryForDatasource" */ = {
			isa = XCConfigurationList;
			buildConfigurations = (
				CD71B8DA1DF0A3E700F409B9 /* Debug */,
				CD71B8DB1DF0A3E700F409B9 /* Release */,
			);
			defaultConfigurationIsVisible = 0;
			defaultConfigurationName = Release;
		};
		CD71B8DC1DF0A3E700F409B9 /* Build configuration list for PBXNativeTarget "DictionaryForDatasource" */ = {
			isa = XCConfigurationList;
			buildConfigurations = (
				CD71B8DD1DF0A3E700F409B9 /* Debug */,
				CD71B8DE1DF0A3E700F409B9 /* Release */,
			);
			defaultConfigurationIsVisible = 0;
		};
/* End XCConfigurationList section */
	};
	rootObject = CD71B8C21DF0A3E600F409B9 /* Project object */;
}
